
Microsoft Visual Studio Solution File, Format Version 12.00
# Visual Studio Version 17
VisualStudioVersion = 17.0.32126.317
MinimumVisualStudioVersion = 10.0.40219.1
Project("{FAE04EC0-301F-11D3-BF4B-00C04F79EFBC}") = "CarDealerScenario", "CarDealerScenario.csproj", "{D95EC8F0-0FAD-48D7-BEFC-CDA0A1251EDC}"
EndProject
Project("{FAE04EC0-301F-11D3-BF4B-00C04F79EFBC}") = "CustomExceptions", "..\CustomExceptions\CustomExceptions.csproj", "{E7F9BA75-C56B-452A-B1BA-FC3FE4AF97F3}"
EndProject
Project("{FAE04EC0-301F-11D3-BF4B-00C04F79EFBC}") = "TestCarDealer", "..\TestCarDealer\TestCarDealer.csproj", "{E4A42922-42AA-48A8-9EB3-4942F3176515}"
EndProject
Global
	GlobalSection(SolutionConfigurationPlatforms) = preSolution
		Debug|Any CPU = Debug|Any CPU
		Release|Any CPU = Release|Any CPU
	EndGlobalSection
	GlobalSection(ProjectConfigurationPlatforms) = postSolution
		{D95EC8F0-0FAD-48D7-BEFC-CDA0A1251EDC}.Debug|Any CPU.ActiveCfg = Debug|Any CPU
		{D95EC8F0-0FAD-48D7-BEFC-CDA0A1251EDC}.Debug|Any CPU.Build.0 = Debug|Any CPU
		{D95EC8F0-0FAD-48D7-BEFC-CDA0A1251EDC}.Release|Any CPU.ActiveCfg = Release|Any CPU
		{D95EC8F0-0FAD-48D7-BEFC-CDA0A1251EDC}.Release|Any CPU.Build.0 = Release|Any CPU
		{E7F9BA75-C56B-452A-B1BA-FC3FE4AF97F3}.Debug|Any CPU.ActiveCfg = Debug|Any CPU
		{E7F9BA75-C56B-452A-B1BA-FC3FE4AF97F3}.Debug|Any CPU.Build.0 = Debug|Any CPU
		{E7F9BA75-C56B-452A-B1BA-FC3FE4AF97F3}.Release|Any CPU.ActiveCfg = Release|Any CPU
		{E7F9BA75-C56B-452A-B1BA-FC3FE4AF97F3}.Release|Any CPU.Build.0 = Release|Any CPU
		{E4A42922-42AA-48A8-9EB3-4942F3176515}.Debug|Any CPU.ActiveCfg = Debug|Any CPU
		{E4A42922-42AA-48A8-9EB3-4942F3176515}.Debug|Any CPU.Build.0 = Debug|Any CPU
		{E4A42922-42AA-48A8-9EB3-4942F3176515}.Release|Any CPU.ActiveCfg = Release|Any CPU
		{E4A42922-42AA-48A8-9EB3-4942F3176515}.Release|Any CPU.Build.0 = Release|Any CPU
	EndGlobalSection
	GlobalSection(SolutionProperties) = preSolution
		HideSolutionNode = FALSE
	EndGlobalSection
	GlobalSection(ExtensibilityGlobals) = postSolution
		SolutionGuid = {DE012620-B630-42B4-AE88-A21FA666CBD0}
	EndGlobalSection
EndGlobal
